
Microsoft Visual Studio Solution File, Format Version 12.00
# Visual Studio Version 17
VisualStudioVersion = 17.5.33516.290
MinimumVisualStudioVersion = 10.0.40219.1
Project("{FAE04EC0-301F-11D3-BF4B-00C04F79EFBC}") = "LifeLink", "LifeLink.csproj", "{D438DA31-A0B0-4943-9BF3-468E675E8DCB}"
EndProject
Global
	GlobalSection(SolutionConfigurationPlatforms) = preSolution
		Debug|Any CPU = Debug|Any CPU
		Release|Any CPU = Release|Any CPU
	EndGlobalSection
	GlobalSection(ProjectConfigurationPlatforms) = postSolution
		{D438DA31-A0B0-4943-9BF3-468E675E8DCB}.Debug|Any CPU.ActiveCfg = Debug|Any CPU
		{D438DA31-A0B0-4943-9BF3-468E675E8DCB}.Debug|Any CPU.Build.0 = Debug|Any CPU
		{D438DA31-A0B0-4943-9BF3-468E675E8DCB}.Release|Any CPU.ActiveCfg = Release|Any CPU
		{D438DA31-A0B0-4943-9BF3-468E675E8DCB}.Release|Any CPU.Build.0 = Release|Any CPU
	EndGlobalSection
	GlobalSection(SolutionProperties) = preSolution
		HideSolutionNode = FALSE
	EndGlobalSection
	GlobalSection(ExtensibilityGlobals) = postSolution
		SolutionGuid = {50E1E132-8773-45C3-A161-87EB4A79662F}
	EndGlobalSection
EndGlobal
